
Microsoft Visual Studio Solution File, Format Version 12.00
# Visual Studio 2013
VisualStudioVersion = 12.0.21005.1
MinimumVisualStudioVersion = 10.0.40219.1
Project("{FAE04EC0-301F-11D3-BF4B-00C04F79EFBC}") = "VAppApiServiceAccess", "VAppApiServiceAccess\VAppApiServiceAccess.csproj", "{7170331F-178A-4E87-8319-80D4D6FBD9C7}"
EndProject
Project("{FAE04EC0-301F-11D3-BF4B-00C04F79EFBC}") = "ApiAndWebSocketTestWindowsApp", "TestWebSocketWindowsApp\ApiAndWebSocketTestWindowsApp.csproj", "{968E3835-4887-4C05-B75A-1E269FA309B0}"
EndProject
Global
	GlobalSection(SolutionConfigurationPlatforms) = preSolution
		Debug|Any CPU = Debug|Any CPU
		Release|Any CPU = Release|Any CPU
	EndGlobalSection
	GlobalSection(ProjectConfigurationPlatforms) = postSolution
		{7170331F-178A-4E87-8319-80D4D6FBD9C7}.Debug|Any CPU.ActiveCfg = Debug|Any CPU
		{7170331F-178A-4E87-8319-80D4D6FBD9C7}.Debug|Any CPU.Build.0 = Debug|Any CPU
		{7170331F-178A-4E87-8319-80D4D6FBD9C7}.Release|Any CPU.ActiveCfg = Release|Any CPU
		{7170331F-178A-4E87-8319-80D4D6FBD9C7}.Release|Any CPU.Build.0 = Release|Any CPU
		{968E3835-4887-4C05-B75A-1E269FA309B0}.Debug|Any CPU.ActiveCfg = Debug|Any CPU
		{968E3835-4887-4C05-B75A-1E269FA309B0}.Debug|Any CPU.Build.0 = Debug|Any CPU
		{968E3835-4887-4C05-B75A-1E269FA309B0}.Release|Any CPU.ActiveCfg = Release|Any CPU
		{968E3835-4887-4C05-B75A-1E269FA309B0}.Release|Any CPU.Build.0 = Release|Any CPU
	EndGlobalSection
	GlobalSection(SolutionProperties) = preSolution
		HideSolutionNode = FALSE
	EndGlobalSection
EndGlobal
